
Microsoft Visual Studio Solution File, Format Version 12.00
# Visual Studio Version 17
VisualStudioVersion = 17.1.31903.286
MinimumVisualStudioVersion = 10.0.40219.1
Project("{FAE04EC0-301F-11D3-BF4B-00C04F79EFBC}") = "Game_Area", "Game_Area\Game_Area.csproj", "{3E81A8B4-310A-4341-B49C-AE975F085667}"
EndProject
Global
	GlobalSection(SolutionConfigurationPlatforms) = preSolution
		Debug|Any CPU = Debug|Any CPU
		Release|Any CPU = Release|Any CPU
	EndGlobalSection
	GlobalSection(ProjectConfigurationPlatforms) = postSolution
		{3E81A8B4-310A-4341-B49C-AE975F085667}.Debug|Any CPU.ActiveCfg = Debug|Any CPU
		{3E81A8B4-310A-4341-B49C-AE975F085667}.Debug|Any CPU.Build.0 = Debug|Any CPU
		{3E81A8B4-310A-4341-B49C-AE975F085667}.Release|Any CPU.ActiveCfg = Release|Any CPU
		{3E81A8B4-310A-4341-B49C-AE975F085667}.Release|Any CPU.Build.0 = Release|Any CPU
	EndGlobalSection
	GlobalSection(SolutionProperties) = preSolution
		HideSolutionNode = FALSE
	EndGlobalSection
	GlobalSection(ExtensibilityGlobals) = postSolution
		SolutionGuid = {27E952BC-F3A0-447D-A384-68A9B50F0B1A}
	EndGlobalSection
EndGlobal
